
Microsoft Visual Studio Solution File, Format Version 12.00
# Visual Studio Version 17
VisualStudioVersion = 17.13.35931.197 d17.13
MinimumVisualStudioVersion = 10.0.40219.1
Project("{FAE04EC0-301F-11D3-BF4B-00C04F79EFBC}") = "Mercado_De_Frutas", "Mercado_De_Frutas\Mercado_De_Frutas.csproj", "{94C7195A-57EB-4262-A780-AAAD95C6E385}"
EndProject
Global
	GlobalSection(SolutionConfigurationPlatforms) = preSolution
		Debug|Any CPU = Debug|Any CPU
		Release|Any CPU = Release|Any CPU
	EndGlobalSection
	GlobalSection(ProjectConfigurationPlatforms) = postSolution
		{94C7195A-57EB-4262-A780-AAAD95C6E385}.Debug|Any CPU.ActiveCfg = Debug|Any CPU
		{94C7195A-57EB-4262-A780-AAAD95C6E385}.Debug|Any CPU.Build.0 = Debug|Any CPU
		{94C7195A-57EB-4262-A780-AAAD95C6E385}.Release|Any CPU.ActiveCfg = Release|Any CPU
		{94C7195A-57EB-4262-A780-AAAD95C6E385}.Release|Any CPU.Build.0 = Release|Any CPU
	EndGlobalSection
	GlobalSection(SolutionProperties) = preSolution
		HideSolutionNode = FALSE
	EndGlobalSection
	GlobalSection(ExtensibilityGlobals) = postSolution
		SolutionGuid = {D35A7FB3-E0A3-4B0D-9045-854C3E6C5785}
	EndGlobalSection
EndGlobal
