
Microsoft Visual Studio Solution File, Format Version 12.00
# Visual Studio Version 17
VisualStudioVersion = 17.11.35312.102
MinimumVisualStudioVersion = 10.0.40219.1
Project("{FAE04EC0-301F-11D3-BF4B-00C04F79EFBC}") = "Calculadora_básica", "Calculadora_básica\Calculadora_básica.csproj", "{C84ACCE1-12B8-4CB9-8988-CEB166AC3E8F}"
EndProject
Global
	GlobalSection(SolutionConfigurationPlatforms) = preSolution
		Debug|Any CPU = Debug|Any CPU
		Release|Any CPU = Release|Any CPU
	EndGlobalSection
	GlobalSection(ProjectConfigurationPlatforms) = postSolution
		{C84ACCE1-12B8-4CB9-8988-CEB166AC3E8F}.Debug|Any CPU.ActiveCfg = Debug|Any CPU
		{C84ACCE1-12B8-4CB9-8988-CEB166AC3E8F}.Debug|Any CPU.Build.0 = Debug|Any CPU
		{C84ACCE1-12B8-4CB9-8988-CEB166AC3E8F}.Release|Any CPU.ActiveCfg = Release|Any CPU
		{C84ACCE1-12B8-4CB9-8988-CEB166AC3E8F}.Release|Any CPU.Build.0 = Release|Any CPU
	EndGlobalSection
	GlobalSection(SolutionProperties) = preSolution
		HideSolutionNode = FALSE
	EndGlobalSection
	GlobalSection(ExtensibilityGlobals) = postSolution
		SolutionGuid = {5A95AAA8-D6C4-4693-9557-A1914BBEEB39}
	EndGlobalSection
EndGlobal
