
Microsoft Visual Studio Solution File, Format Version 12.00
# Visual Studio Version 17
VisualStudioVersion = 17.11.35312.102
MinimumVisualStudioVersion = 10.0.40219.1
Project("{FAE04EC0-301F-11D3-BF4B-00C04F79EFBC}") = "Encontrar_mayor_de_3_numeros", "Encontrar_mayor_de_3_numeros\Encontrar_mayor_de_3_numeros.csproj", "{DB6D2453-99DD-4D9C-A02E-4C139422808F}"
EndProject
Global
	GlobalSection(SolutionConfigurationPlatforms) = preSolution
		Debug|Any CPU = Debug|Any CPU
		Release|Any CPU = Release|Any CPU
	EndGlobalSection
	GlobalSection(ProjectConfigurationPlatforms) = postSolution
		{DB6D2453-99DD-4D9C-A02E-4C139422808F}.Debug|Any CPU.ActiveCfg = Debug|Any CPU
		{DB6D2453-99DD-4D9C-A02E-4C139422808F}.Debug|Any CPU.Build.0 = Debug|Any CPU
		{DB6D2453-99DD-4D9C-A02E-4C139422808F}.Release|Any CPU.ActiveCfg = Release|Any CPU
		{DB6D2453-99DD-4D9C-A02E-4C139422808F}.Release|Any CPU.Build.0 = Release|Any CPU
	EndGlobalSection
	GlobalSection(SolutionProperties) = preSolution
		HideSolutionNode = FALSE
	EndGlobalSection
	GlobalSection(ExtensibilityGlobals) = postSolution
		SolutionGuid = {0B233A16-9382-42A2-87F4-0170CF3BDEA1}
	EndGlobalSection
EndGlobal
