
Microsoft Visual Studio Solution File, Format Version 12.00
# Visual Studio Version 17
VisualStudioVersion = 17.11.35312.102
MinimumVisualStudioVersion = 10.0.40219.1
Project("{FAE04EC0-301F-11D3-BF4B-00C04F79EFBC}") = "Clasificacion_Triangulo", "Clasificacion_Triangulo\Clasificacion_Triangulo.csproj", "{8179E3BD-BCF4-4345-AD33-18D64208AAAC}"
EndProject
Global
	GlobalSection(SolutionConfigurationPlatforms) = preSolution
		Debug|Any CPU = Debug|Any CPU
		Release|Any CPU = Release|Any CPU
	EndGlobalSection
	GlobalSection(ProjectConfigurationPlatforms) = postSolution
		{8179E3BD-BCF4-4345-AD33-18D64208AAAC}.Debug|Any CPU.ActiveCfg = Debug|Any CPU
		{8179E3BD-BCF4-4345-AD33-18D64208AAAC}.Debug|Any CPU.Build.0 = Debug|Any CPU
		{8179E3BD-BCF4-4345-AD33-18D64208AAAC}.Release|Any CPU.ActiveCfg = Release|Any CPU
		{8179E3BD-BCF4-4345-AD33-18D64208AAAC}.Release|Any CPU.Build.0 = Release|Any CPU
	EndGlobalSection
	GlobalSection(SolutionProperties) = preSolution
		HideSolutionNode = FALSE
	EndGlobalSection
	GlobalSection(ExtensibilityGlobals) = postSolution
		SolutionGuid = {3329CD9A-F908-494B-A45F-4EF2553C3419}
	EndGlobalSection
EndGlobal
