
Microsoft Visual Studio Solution File, Format Version 12.00
# Visual Studio Version 17
VisualStudioVersion = 17.11.35312.102
MinimumVisualStudioVersion = 10.0.40219.1
Project("{FAE04EC0-301F-11D3-BF4B-00C04F79EFBC}") = "Gestion de tickets", "Gestion de tickets\Gestion de tickets.csproj", "{C55FAD6B-A495-44A4-870C-999B68EA3809}"
EndProject
Global
	GlobalSection(SolutionConfigurationPlatforms) = preSolution
		Debug|Any CPU = Debug|Any CPU
		Release|Any CPU = Release|Any CPU
	EndGlobalSection
	GlobalSection(ProjectConfigurationPlatforms) = postSolution
		{C55FAD6B-A495-44A4-870C-999B68EA3809}.Debug|Any CPU.ActiveCfg = Debug|Any CPU
		{C55FAD6B-A495-44A4-870C-999B68EA3809}.Debug|Any CPU.Build.0 = Debug|Any CPU
		{C55FAD6B-A495-44A4-870C-999B68EA3809}.Release|Any CPU.ActiveCfg = Release|Any CPU
		{C55FAD6B-A495-44A4-870C-999B68EA3809}.Release|Any CPU.Build.0 = Release|Any CPU
	EndGlobalSection
	GlobalSection(SolutionProperties) = preSolution
		HideSolutionNode = FALSE
	EndGlobalSection
	GlobalSection(ExtensibilityGlobals) = postSolution
		SolutionGuid = {BC96C1FD-CCA0-4A06-95C8-0828E14EC0FE}
	EndGlobalSection
EndGlobal
