
Microsoft Visual Studio Solution File, Format Version 12.00
# Visual Studio Version 17
VisualStudioVersion = 17.11.35312.102
MinimumVisualStudioVersion = 10.0.40219.1
Project("{FAE04EC0-301F-11D3-BF4B-00C04F79EFBC}") = "dos conjuntos y numeros que no se repitan", "dos conjuntos y numeros que no se repitan\dos conjuntos y numeros que no se repitan.csproj", "{6E88666E-5252-4BB5-8D10-957E0EA875E8}"
EndProject
Global
	GlobalSection(SolutionConfigurationPlatforms) = preSolution
		Debug|Any CPU = Debug|Any CPU
		Release|Any CPU = Release|Any CPU
	EndGlobalSection
	GlobalSection(ProjectConfigurationPlatforms) = postSolution
		{6E88666E-5252-4BB5-8D10-957E0EA875E8}.Debug|Any CPU.ActiveCfg = Debug|Any CPU
		{6E88666E-5252-4BB5-8D10-957E0EA875E8}.Debug|Any CPU.Build.0 = Debug|Any CPU
		{6E88666E-5252-4BB5-8D10-957E0EA875E8}.Release|Any CPU.ActiveCfg = Release|Any CPU
		{6E88666E-5252-4BB5-8D10-957E0EA875E8}.Release|Any CPU.Build.0 = Release|Any CPU
	EndGlobalSection
	GlobalSection(SolutionProperties) = preSolution
		HideSolutionNode = FALSE
	EndGlobalSection
	GlobalSection(ExtensibilityGlobals) = postSolution
		SolutionGuid = {9279A871-095C-4EA6-98F5-15608A8E8EBB}
	EndGlobalSection
EndGlobal
