
Microsoft Visual Studio Solution File, Format Version 12.00
# Visual Studio Version 17
VisualStudioVersion = 17.13.35931.197 d17.13
MinimumVisualStudioVersion = 10.0.40219.1
Project("{FAE04EC0-301F-11D3-BF4B-00C04F79EFBC}") = "Diagrama2", "Diagrama2\Diagrama2.csproj", "{C5E3448C-A819-4DB4-87BF-1D1614D84895}"
EndProject
Global
	GlobalSection(SolutionConfigurationPlatforms) = preSolution
		Debug|Any CPU = Debug|Any CPU
		Release|Any CPU = Release|Any CPU
	EndGlobalSection
	GlobalSection(ProjectConfigurationPlatforms) = postSolution
		{C5E3448C-A819-4DB4-87BF-1D1614D84895}.Debug|Any CPU.ActiveCfg = Debug|Any CPU
		{C5E3448C-A819-4DB4-87BF-1D1614D84895}.Debug|Any CPU.Build.0 = Debug|Any CPU
		{C5E3448C-A819-4DB4-87BF-1D1614D84895}.Release|Any CPU.ActiveCfg = Release|Any CPU
		{C5E3448C-A819-4DB4-87BF-1D1614D84895}.Release|Any CPU.Build.0 = Release|Any CPU
	EndGlobalSection
	GlobalSection(SolutionProperties) = preSolution
		HideSolutionNode = FALSE
	EndGlobalSection
	GlobalSection(ExtensibilityGlobals) = postSolution
		SolutionGuid = {FA6F9575-AD1F-4836-9BE6-FA84DDDD5C2B}
	EndGlobalSection
EndGlobal
