
Microsoft Visual Studio Solution File, Format Version 12.00
# Visual Studio Version 17
VisualStudioVersion = 17.11.35312.102
MinimumVisualStudioVersion = 10.0.40219.1
Project("{FAE04EC0-301F-11D3-BF4B-00C04F79EFBC}") = "Convertir_Grados", "Convertir_Grados\Convertir_Grados.csproj", "{244AA3F4-5295-4A19-AF24-504C41FA0064}"
EndProject
Global
	GlobalSection(SolutionConfigurationPlatforms) = preSolution
		Debug|Any CPU = Debug|Any CPU
		Release|Any CPU = Release|Any CPU
	EndGlobalSection
	GlobalSection(ProjectConfigurationPlatforms) = postSolution
		{244AA3F4-5295-4A19-AF24-504C41FA0064}.Debug|Any CPU.ActiveCfg = Debug|Any CPU
		{244AA3F4-5295-4A19-AF24-504C41FA0064}.Debug|Any CPU.Build.0 = Debug|Any CPU
		{244AA3F4-5295-4A19-AF24-504C41FA0064}.Release|Any CPU.ActiveCfg = Release|Any CPU
		{244AA3F4-5295-4A19-AF24-504C41FA0064}.Release|Any CPU.Build.0 = Release|Any CPU
	EndGlobalSection
	GlobalSection(SolutionProperties) = preSolution
		HideSolutionNode = FALSE
	EndGlobalSection
	GlobalSection(ExtensibilityGlobals) = postSolution
		SolutionGuid = {E08FBC51-505B-4578-B2D4-EB1C31D4DA0F}
	EndGlobalSection
EndGlobal
